
Microsoft Visual Studio Solution File, Format Version 12.00
# Visual Studio Version 16
VisualStudioVersion = 16.0.29230.47
MinimumVisualStudioVersion = 10.0.40219.1
Project("{9A19103F-16F7-4668-BE54-9A1E7A4F7556}") = "EmployeeApp", "EmployeeApp\EmployeeApp\EmployeeApp.csproj", "{62197379-DF20-452F-B87F-30798C47FB7F}"
EndProject
Project("{FAE04EC0-301F-11D3-BF4B-00C04F79EFBC}") = "EmployeeApp.Android", "EmployeeApp\EmployeeApp.Android\EmployeeApp.Android.csproj", "{E8BAB2B4-B7F2-4F4F-B9E8-70F52A5B47FC}"
EndProject
Project("{FAE04EC0-301F-11D3-BF4B-00C04F79EFBC}") = "EmployeeApp.iOS", "EmployeeApp\EmployeeApp.iOS\EmployeeApp.iOS.csproj", "{8699862F-4954-4911-854E-8C707A2095B1}"
EndProject
Global
	GlobalSection(SolutionConfigurationPlatforms) = preSolution
		Debug|Any CPU = Debug|Any CPU
		Debug|iPhone = Debug|iPhone
		Debug|iPhoneSimulator = Debug|iPhoneSimulator
		Release|Any CPU = Release|Any CPU
		Release|iPhone = Release|iPhone
		Release|iPhoneSimulator = Release|iPhoneSimulator
	EndGlobalSection
	GlobalSection(ProjectConfigurationPlatforms) = postSolution
		{62197379-DF20-452F-B87F-30798C47FB7F}.Debug|Any CPU.ActiveCfg = Debug|Any CPU
		{62197379-DF20-452F-B87F-30798C47FB7F}.Debug|Any CPU.Build.0 = Debug|Any CPU
		{62197379-DF20-452F-B87F-30798C47FB7F}.Debug|iPhone.ActiveCfg = Debug|Any CPU
		{62197379-DF20-452F-B87F-30798C47FB7F}.Debug|iPhone.Build.0 = Debug|Any CPU
		{62197379-DF20-452F-B87F-30798C47FB7F}.Debug|iPhoneSimulator.ActiveCfg = Debug|Any CPU
		{62197379-DF20-452F-B87F-30798C47FB7F}.Debug|iPhoneSimulator.Build.0 = Debug|Any CPU
		{62197379-DF20-452F-B87F-30798C47FB7F}.Release|Any CPU.ActiveCfg = Release|Any CPU
		{62197379-DF20-452F-B87F-30798C47FB7F}.Release|Any CPU.Build.0 = Release|Any CPU
		{62197379-DF20-452F-B87F-30798C47FB7F}.Release|iPhone.ActiveCfg = Release|Any CPU
		{62197379-DF20-452F-B87F-30798C47FB7F}.Release|iPhone.Build.0 = Release|Any CPU
		{62197379-DF20-452F-B87F-30798C47FB7F}.Release|iPhoneSimulator.ActiveCfg = Release|Any CPU
		{62197379-DF20-452F-B87F-30798C47FB7F}.Release|iPhoneSimulator.Build.0 = Release|Any CPU
		{E8BAB2B4-B7F2-4F4F-B9E8-70F52A5B47FC}.Debug|Any CPU.ActiveCfg = Debug|Any CPU
		{E8BAB2B4-B7F2-4F4F-B9E8-70F52A5B47FC}.Debug|Any CPU.Build.0 = Debug|Any CPU
		{E8BAB2B4-B7F2-4F4F-B9E8-70F52A5B47FC}.Debug|Any CPU.Deploy.0 = Debug|Any CPU
		{E8BAB2B4-B7F2-4F4F-B9E8-70F52A5B47FC}.Debug|iPhone.ActiveCfg = Debug|Any CPU
		{E8BAB2B4-B7F2-4F4F-B9E8-70F52A5B47FC}.Debug|iPhone.Build.0 = Debug|Any CPU
		{E8BAB2B4-B7F2-4F4F-B9E8-70F52A5B47FC}.Debug|iPhoneSimulator.ActiveCfg = Debug|Any CPU
		{E8BAB2B4-B7F2-4F4F-B9E8-70F52A5B47FC}.Debug|iPhoneSimulator.Build.0 = Debug|Any CPU
		{E8BAB2B4-B7F2-4F4F-B9E8-70F52A5B47FC}.Release|Any CPU.ActiveCfg = Release|Any CPU
		{E8BAB2B4-B7F2-4F4F-B9E8-70F52A5B47FC}.Release|Any CPU.Build.0 = Release|Any CPU
		{E8BAB2B4-B7F2-4F4F-B9E8-70F52A5B47FC}.Release|iPhone.ActiveCfg = Release|Any CPU
		{E8BAB2B4-B7F2-4F4F-B9E8-70F52A5B47FC}.Release|iPhone.Build.0 = Release|Any CPU
		{E8BAB2B4-B7F2-4F4F-B9E8-70F52A5B47FC}.Release|iPhoneSimulator.ActiveCfg = Release|Any CPU
		{E8BAB2B4-B7F2-4F4F-B9E8-70F52A5B47FC}.Release|iPhoneSimulator.Build.0 = Release|Any CPU
		{8699862F-4954-4911-854E-8C707A2095B1}.Debug|Any CPU.ActiveCfg = Debug|iPhoneSimulator
		{8699862F-4954-4911-854E-8C707A2095B1}.Debug|Any CPU.Build.0 = Debug|iPhoneSimulator
		{8699862F-4954-4911-854E-8C707A2095B1}.Debug|iPhone.ActiveCfg = Debug|iPhone
		{8699862F-4954-4911-854E-8C707A2095B1}.Debug|iPhone.Build.0 = Debug|iPhone
		{8699862F-4954-4911-854E-8C707A2095B1}.Debug|iPhoneSimulator.ActiveCfg = Debug|iPhoneSimulator
		{8699862F-4954-4911-854E-8C707A2095B1}.Debug|iPhoneSimulator.Build.0 = Debug|iPhoneSimulator
		{8699862F-4954-4911-854E-8C707A2095B1}.Release|Any CPU.ActiveCfg = Release|iPhoneSimulator
		{8699862F-4954-4911-854E-8C707A2095B1}.Release|Any CPU.Build.0 = Release|iPhoneSimulator
		{8699862F-4954-4911-854E-8C707A2095B1}.Release|iPhone.ActiveCfg = Release|iPhone
		{8699862F-4954-4911-854E-8C707A2095B1}.Release|iPhone.Build.0 = Release|iPhone
		{8699862F-4954-4911-854E-8C707A2095B1}.Release|iPhoneSimulator.ActiveCfg = Release|iPhoneSimulator
		{8699862F-4954-4911-854E-8C707A2095B1}.Release|iPhoneSimulator.Build.0 = Release|iPhoneSimulator
	EndGlobalSection
	GlobalSection(SolutionProperties) = preSolution
		HideSolutionNode = FALSE
	EndGlobalSection
	GlobalSection(ExtensibilityGlobals) = postSolution
		SolutionGuid = {7E5289D7-065A-410B-AE33-ED335B18709D}
	EndGlobalSection
EndGlobal
